{
  "name": "@gitroom/frontend",
  "version": "0.0.1",
  "lockfileVersion": 3,
  "requires": true,
  "packages": {
    "": {
      "name": "@gitroom/frontend",
      "version": "0.0.1",
      "devDependencies": {
        "@types/mime": "^3.0.4",
        "@types/node": "^18.16.9"
      }
    },
    "node_modules/@types/mime": {
      "version": "3.0.4",
      "resolved": "https://registry.npmjs.org/@types/mime/-/mime-3.0.4.tgz",
      "integrity": "sha512-iJt33IQnVRkqeqC7PzBHPTC6fDlRNRW8vjrgqtScAhrmMwe8c4Eo7+fUGTa+XdWrpEgpyKWMYmi2dIwMAYRzPw==",
      "dev": true,
      "license": "MIT"
    },
    "node_modules/@types/node": {
      "version": "18.16.9",
      "resolved": "https://registry.npmjs.org/@types/node/-/node-18.16.9.tgz",
      "integrity": "sha512-IeB32oIV4oGArLrd7znD2rkHQ6EDCM+2Sr76dJnrHwv9OHBTTM6nuDLK9bmikXzPa0ZlWMWtRGo/Uw4mrzQedA==",
      "dev": true,
      "license": "MIT"
    }
  }
}
